// !$*UTF8*$!
{
	archiveVersion = 1;
	classes = {
	};
	objectVersion = 56;
	objects = {

/* Begin PBXBuildFile section */
		A833676F2B6A1B7700E0A844 /* UnsplashAPI.swift in Sources */ = {isa = PBXBuildFile; fileRef = A833676E2B6A1B7700E0A844 /* UnsplashAPI.swift */; };
		A83367712B6A219300E0A844 /* Photo.swift in Sources */ = {isa = PBXBuildFile; fileRef = A83367702B6A219300E0A844 /* Photo.swift */; };
		A83367752B6A2D2600E0A844 /* APIKeys.swift in Sources */ = {isa = PBXBuildFile; fileRef = A83367742B6A2D2600E0A844 /* APIKeys.swift */; };
		A8A7E0702B67918900D015E5 /* AppDelegate.swift in Sources */ = {isa = PBXBuildFile; fileRef = A8A7E06F2B67918900D015E5 /* AppDelegate.swift */; };
		A8A7E0722B67918900D015E5 /* SceneDelegate.swift in Sources */ = {isa = PBXBuildFile; fileRef = A8A7E0712B67918900D015E5 /* SceneDelegate.swift */; };
		A8A7E0742B67918900D015E5 /* HomeViewController.swift in Sources */ = {isa = PBXBuildFile; fileRef = A8A7E0732B67918900D015E5 /* HomeViewController.swift */; };
		A8A7E0792B67918A00D015E5 /* Assets.xcassets in Resources */ = {isa = PBXBuildFile; fileRef = A8A7E0782B67918A00D015E5 /* Assets.xcassets */; };
		A8A7E07C2B67918A00D015E5 /* LaunchScreen.storyboard in Resources */ = {isa = PBXBuildFile; fileRef = A8A7E07A2B67918A00D015E5 /* LaunchScreen.storyboard */; };
		A8A7E0842B67A1F900D015E5 /* TabBarController.swift in Sources */ = {isa = PBXBuildFile; fileRef = A8A7E0832B67A1F900D015E5 /* TabBarController.swift */; };
		A8A7E0862B67A28C00D015E5 /* CardViewController.swift in Sources */ = {isa = PBXBuildFile; fileRef = A8A7E0852B67A28C00D015E5 /* CardViewController.swift */; };
/* End PBXBuildFile section */

/* Begin PBXFileReference section */
		A833676E2B6A1B7700E0A844 /* UnsplashAPI.swift */ = {isa = PBXFileReference; lastKnownFileType = sourcecode.swift; path = UnsplashAPI.swift; sourceTree = "<group>"; };
		A83367702B6A219300E0A844 /* Photo.swift */ = {isa = PBXFileReference; lastKnownFileType = sourcecode.swift; path = Photo.swift; sourceTree = "<group>"; };
		A83367732B6A2AD700E0A844 /* Secret.xcconfig */ = {isa = PBXFileReference; lastKnownFileType = text.xcconfig; path = Secret.xcconfig; sourceTree = "<group>"; };
		A83367742B6A2D2600E0A844 /* APIKeys.swift */ = {isa = PBXFileReference; lastKnownFileType = sourcecode.swift; path = APIKeys.swift; sourceTree = "<group>"; };
		A8A7E06C2B67918900D015E5 /* PrographyAssignment.app */ = {isa = PBXFileReference; explicitFileType = wrapper.application; includeInIndex = 0; path = PrographyAssignment.app; sourceTree = BUILT_PRODUCTS_DIR; };
		A8A7E06F2B67918900D015E5 /* AppDelegate.swift */ = {isa = PBXFileReference; lastKnownFileType = sourcecode.swift; path = AppDelegate.swift; sourceTree = "<group>"; };
		A8A7E0712B67918900D015E5 /* SceneDelegate.swift */ = {isa = PBXFileReference; lastKnownFileType = sourcecode.swift; path = SceneDelegate.swift; sourceTree = "<group>"; };
		A8A7E0732B67918900D015E5 /* HomeViewController.swift */ = {isa = PBXFileReference; lastKnownFileType = sourcecode.swift; path = HomeViewController.swift; sourceTree = "<group>"; };
		A8A7E0782B67918A00D015E5 /* Assets.xcassets */ = {isa = PBXFileReference; lastKnownFileType = folder.assetcatalog; path = Assets.xcassets; sourceTree = "<group>"; };
		A8A7E07B2B67918A00D015E5 /* Base */ = {isa = PBXFileReference; lastKnownFileType = file.storyboard; name = Base; path = Base.lproj/LaunchScreen.storyboard; sourceTree = "<group>"; };
		A8A7E07D2B67918A00D015E5 /* Info.plist */ = {isa = PBXFileReference; lastKnownFileType = text.plist.xml; path = Info.plist; sourceTree = "<group>"; };
		A8A7E0832B67A1F900D015E5 /* TabBarController.swift */ = {isa = PBXFileReference; lastKnownFileType = sourcecode.swift; path = TabBarController.swift; sourceTree = "<group>"; };
		A8A7E0852B67A28C00D015E5 /* CardViewController.swift */ = {isa = PBXFileReference; lastKnownFileType = sourcecode.swift; path = CardViewController.swift; sourceTree = "<group>"; };
/* End PBXFileReference section */

/* Begin PBXFrameworksBuildPhase section */
		A8A7E0692B67918900D015E5 /* Frameworks */ = {
			isa = PBXFrameworksBuildPhase;
			buildActionMask = 2147483647;
			files = (
			);
			runOnlyForDeploymentPostprocessing = 0;
		};
/* End PBXFrameworksBuildPhase section */

/* Begin PBXGroup section */
		A833676D2B69FE5100E0A844 /* Network */ = {
			isa = PBXGroup;
			children = (
				A833676E2B6A1B7700E0A844 /* UnsplashAPI.swift */,
				A83367742B6A2D2600E0A844 /* APIKeys.swift */,
			);
			path = Network;
			sourceTree = "<group>";
		};
		A83367792B6A43A700E0A844 /* Model */ = {
			isa = PBXGroup;
			children = (
				A83367702B6A219300E0A844 /* Photo.swift */,
			);
			path = Model;
			sourceTree = "<group>";
		};
		A833677A2B6A43D500E0A844 /* Application */ = {
			isa = PBXGroup;
			children = (
				A8A7E06F2B67918900D015E5 /* AppDelegate.swift */,
				A8A7E0712B67918900D015E5 /* SceneDelegate.swift */,
			);
			path = Application;
			sourceTree = "<group>";
		};
		A833677B2B6A43F000E0A844 /* Resource */ = {
			isa = PBXGroup;
			children = (
				A8A7E0782B67918A00D015E5 /* Assets.xcassets */,
				A8A7E07A2B67918A00D015E5 /* LaunchScreen.storyboard */,
				A8A7E07D2B67918A00D015E5 /* Info.plist */,
			);
			path = Resource;
			sourceTree = "<group>";
		};
		A8A7E0632B67918800D015E5 = {
			isa = PBXGroup;
			children = (
				A83367732B6A2AD700E0A844 /* Secret.xcconfig */,
				A8A7E06E2B67918900D015E5 /* PrographyAssignment */,
				A8A7E06D2B67918900D015E5 /* Products */,
			);
			sourceTree = "<group>";
		};
		A8A7E06D2B67918900D015E5 /* Products */ = {
			isa = PBXGroup;
			children = (
				A8A7E06C2B67918900D015E5 /* PrographyAssignment.app */,
			);
			name = Products;
			sourceTree = "<group>";
		};
		A8A7E06E2B67918900D015E5 /* PrographyAssignment */ = {
			isa = PBXGroup;
			children = (
				A83367792B6A43A700E0A844 /* Model */,
				A833676D2B69FE5100E0A844 /* Network */,
				A8A7E0872B67A6EB00D015E5 /* View */,
				A833677B2B6A43F000E0A844 /* Resource */,
				A833677A2B6A43D500E0A844 /* Application */,
			);
			path = PrographyAssignment;
			sourceTree = "<group>";
		};
		A8A7E0872B67A6EB00D015E5 /* View */ = {
			isa = PBXGroup;
			children = (
				A8A7E0832B67A1F900D015E5 /* TabBarController.swift */,
				A8A7E0732B67918900D015E5 /* HomeViewController.swift */,
				A8A7E0852B67A28C00D015E5 /* CardViewController.swift */,
			);
			path = View;
			sourceTree = "<group>";
		};
/* End PBXGroup section */

/* Begin PBXNativeTarget section */
		A8A7E06B2B67918900D015E5 /* PrographyAssignment */ = {
			isa = PBXNativeTarget;
			buildConfigurationList = A8A7E0802B67918A00D015E5 /* Build configuration list for PBXNativeTarget "PrographyAssignment" */;
			buildPhases = (
				A8A7E0682B67918900D015E5 /* Sources */,
				A8A7E0692B67918900D015E5 /* Frameworks */,
				A8A7E06A2B67918900D015E5 /* Resources */,
			);
			buildRules = (
			);
			dependencies = (
			);
			name = PrographyAssignment;
			productName = PrographyAssignment;
			productReference = A8A7E06C2B67918900D015E5 /* PrographyAssignment.app */;
			productType = "com.apple.product-type.application";
		};
/* End PBXNativeTarget section */

/* Begin PBXProject section */
		A8A7E0642B67918800D015E5 /* Project object */ = {
			isa = PBXProject;
			attributes = {
				BuildIndependentTargetsInParallel = 1;
				LastSwiftUpdateCheck = 1520;
				LastUpgradeCheck = 1520;
				TargetAttributes = {
					A8A7E06B2B67918900D015E5 = {
						CreatedOnToolsVersion = 15.2;
					};
				};
			};
			buildConfigurationList = A8A7E0672B67918800D015E5 /* Build configuration list for PBXProject "PrographyAssignment" */;
			compatibilityVersion = "Xcode 14.0";
			developmentRegion = en;
			hasScannedForEncodings = 0;
			knownRegions = (
				en,
				Base,
			);
			mainGroup = A8A7E0632B67918800D015E5;
			productRefGroup = A8A7E06D2B67918900D015E5 /* Products */;
			projectDirPath = "";
			projectRoot = "";
			targets = (
				A8A7E06B2B67918900D015E5 /* PrographyAssignment */,
			);
		};
/* End PBXProject section */

/* Begin PBXResourcesBuildPhase section */
		A8A7E06A2B67918900D015E5 /* Resources */ = {
			isa = PBXResourcesBuildPhase;
			buildActionMask = 2147483647;
			files = (
				A8A7E07C2B67918A00D015E5 /* LaunchScreen.storyboard in Resources */,
				A8A7E0792B67918A00D015E5 /* Assets.xcassets in Resources */,
			);
			runOnlyForDeploymentPostprocessing = 0;
		};
/* End PBXResourcesBuildPhase section */

/* Begin PBXSourcesBuildPhase section */
		A8A7E0682B67918900D015E5 /* Sources */ = {
			isa = PBXSourcesBuildPhase;
			buildActionMask = 2147483647;
			files = (
				A8A7E0742B67918900D015E5 /* HomeViewController.swift in Sources */,
				A8A7E0842B67A1F900D015E5 /* TabBarController.swift in Sources */,
				A8A7E0702B67918900D015E5 /* AppDelegate.swift in Sources */,
				A8A7E0862B67A28C00D015E5 /* CardViewController.swift in Sources */,
				A833676F2B6A1B7700E0A844 /* UnsplashAPI.swift in Sources */,
				A83367712B6A219300E0A844 /* Photo.swift in Sources */,
				A83367752B6A2D2600E0A844 /* APIKeys.swift in Sources */,
				A8A7E0722B67918900D015E5 /* SceneDelegate.swift in Sources */,
			);
			runOnlyForDeploymentPostprocessing = 0;
		};
/* End PBXSourcesBuildPhase section */

/* Begin PBXVariantGroup section */
		A8A7E07A2B67918A00D015E5 /* LaunchScreen.storyboard */ = {
			isa = PBXVariantGroup;
			children = (
				A8A7E07B2B67918A00D015E5 /* Base */,
			);
			name = LaunchScreen.storyboard;
			sourceTree = "<group>";
		};
/* End PBXVariantGroup section */

/* Begin XCBuildConfiguration section */
		A8A7E07E2B67918A00D015E5 /* Debug */ = {
			isa = XCBuildConfiguration;
			buildSettings = {
				ALWAYS_SEARCH_USER_PATHS = NO;
				ASSETCATALOG_COMPILER_GENERATE_SWIFT_ASSET_SYMBOL_EXTENSIONS = YES;
				CLANG_ANALYZER_NONNULL = YES;
				CLANG_ANALYZER_NUMBER_OBJECT_CONVERSION = YES_AGGRESSIVE;
				CLANG_CXX_LANGUAGE_STANDARD = "gnu++20";
				CLANG_ENABLE_MODULES = YES;
				CLANG_ENABLE_OBJC_ARC = YES;
				CLANG_ENABLE_OBJC_WEAK = YES;
				CLANG_WARN_BLOCK_CAPTURE_AUTORELEASING = YES;
				CLANG_WARN_BOOL_CONVERSION = YES;
				CLANG_WARN_COMMA = YES;
				CLANG_WARN_CONSTANT_CONVERSION = YES;
				CLANG_WARN_DEPRECATED_OBJC_IMPLEMENTATIONS = YES;
				CLANG_WARN_DIRECT_OBJC_ISA_USAGE = YES_ERROR;
				CLANG_WARN_DOCUMENTATION_COMMENTS = YES;
				CLANG_WARN_EMPTY_BODY = YES;
				CLANG_WARN_ENUM_CONVERSION = YES;
				CLANG_WARN_INFINITE_RECURSION = YES;
				CLANG_WARN_INT_CONVERSION = YES;
				CLANG_WARN_NON_LITERAL_NULL_CONVERSION = YES;
				CLANG_WARN_OBJC_IMPLICIT_RETAIN_SELF = YES;
				CLANG_WARN_OBJC_LITERAL_CONVERSION = YES;
				CLANG_WARN_OBJC_ROOT_CLASS = YES_ERROR;
				CLANG_WARN_QUOTED_INCLUDE_IN_FRAMEWORK_HEADER = YES;
				CLANG_WARN_RANGE_LOOP_ANALYSIS = YES;
				CLANG_WARN_STRICT_PROTOTYPES = YES;
				CLANG_WARN_SUSPICIOUS_MOVE = YES;
				CLANG_WARN_UNGUARDED_AVAILABILITY = YES_AGGRESSIVE;
				CLANG_WARN_UNREACHABLE_CODE = YES;
				CLANG_WARN__DUPLICATE_METHOD_MATCH = YES;
				COPY_PHASE_STRIP = NO;
				DEBUG_INFORMATION_FORMAT = dwarf;
				ENABLE_STRICT_OBJC_MSGSEND = YES;
				ENABLE_TESTABILITY = YES;
				ENABLE_USER_SCRIPT_SANDBOXING = YES;
				GCC_C_LANGUAGE_STANDARD = gnu17;
				GCC_DYNAMIC_NO_PIC = NO;
				GCC_NO_COMMON_BLOCKS = YES;
				GCC_OPTIMIZATION_LEVEL = 0;
				GCC_PREPROCESSOR_DEFINITIONS = (
					"DEBUG=1",
					"$(inherited)",
				);
				GCC_WARN_64_TO_32_BIT_CONVERSION = YES;
				GCC_WARN_ABOUT_RETURN_TYPE = YES_ERROR;
				GCC_WARN_UNDECLARED_SELECTOR = YES;
				GCC_WARN_UNINITIALIZED_AUTOS = YES_AGGRESSIVE;
				GCC_WARN_UNUSED_FUNCTION = YES;
				GCC_WARN_UNUSED_VARIABLE = YES;
				IPHONEOS_DEPLOYMENT_TARGET = 17.2;
				LOCALIZATION_PREFERS_STRING_CATALOGS = YES;
				MTL_ENABLE_DEBUG_INFO = INCLUDE_SOURCE;
				MTL_FAST_MATH = YES;
				ONLY_ACTIVE_ARCH = YES;
				SDKROOT = iphoneos;
				SWIFT_ACTIVE_COMPILATION_CONDITIONS = "DEBUG $(inherited)";
				SWIFT_OPTIMIZATION_LEVEL = "-Onone";
			};
			name = Debug;
		};
		A8A7E07F2B67918A00D015E5 /* Release */ = {
			isa = XCBuildConfiguration;
			buildSettings = {
				ALWAYS_SEARCH_USER_PATHS = NO;
				ASSETCATALOG_COMPILER_GENERATE_SWIFT_ASSET_SYMBOL_EXTENSIONS = YES;
				CLANG_ANALYZER_NONNULL = YES;
				CLANG_ANALYZER_NUMBER_OBJECT_CONVERSION = YES_AGGRESSIVE;
				CLANG_CXX_LANGUAGE_STANDARD = "gnu++20";
				CLANG_ENABLE_MODULES = YES;
				CLANG_ENABLE_OBJC_ARC = YES;
				CLANG_ENABLE_OBJC_WEAK = YES;
				CLANG_WARN_BLOCK_CAPTURE_AUTORELEASING = YES;
				CLANG_WARN_BOOL_CONVERSION = YES;
				CLANG_WARN_COMMA = YES;
				CLANG_WARN_CONSTANT_CONVERSION = YES;
				CLANG_WARN_DEPRECATED_OBJC_IMPLEMENTATIONS = YES;
				CLANG_WARN_DIRECT_OBJC_ISA_USAGE = YES_ERROR;
				CLANG_WARN_DOCUMENTATION_COMMENTS = YES;
				CLANG_WARN_EMPTY_BODY = YES;
				CLANG_WARN_ENUM_CONVERSION = YES;
				CLANG_WARN_INFINITE_RECURSION = YES;
				CLANG_WARN_INT_CONVERSION = YES;
				CLANG_WARN_NON_LITERAL_NULL_CONVERSION = YES;
				CLANG_WARN_OBJC_IMPLICIT_RETAIN_SELF = YES;
				CLANG_WARN_OBJC_LITERAL_CONVERSION = YES;
				CLANG_WARN_OBJC_ROOT_CLASS = YES_ERROR;
				CLANG_WARN_QUOTED_INCLUDE_IN_FRAMEWORK_HEADER = YES;
				CLANG_WARN_RANGE_LOOP_ANALYSIS = YES;
				CLANG_WARN_STRICT_PROTOTYPES = YES;
				CLANG_WARN_SUSPICIOUS_MOVE = YES;
				CLANG_WARN_UNGUARDED_AVAILABILITY = YES_AGGRESSIVE;
				CLANG_WARN_UNREACHABLE_CODE = YES;
				CLANG_WARN__DUPLICATE_METHOD_MATCH = YES;
				COPY_PHASE_STRIP = NO;
				DEBUG_INFORMATION_FORMAT = "dwarf-with-dsym";
				ENABLE_NS_ASSERTIONS = NO;
				ENABLE_STRICT_OBJC_MSGSEND = YES;
				ENABLE_USER_SCRIPT_SANDBOXING = YES;
				GCC_C_LANGUAGE_STANDARD = gnu17;
				GCC_NO_COMMON_BLOCKS = YES;
				GCC_WARN_64_TO_32_BIT_CONVERSION = YES;
				GCC_WARN_ABOUT_RETURN_TYPE = YES_ERROR;
				GCC_WARN_UNDECLARED_SELECTOR = YES;
				GCC_WARN_UNINITIALIZED_AUTOS = YES_AGGRESSIVE;
				GCC_WARN_UNUSED_FUNCTION = YES;
				GCC_WARN_UNUSED_VARIABLE = YES;
				IPHONEOS_DEPLOYMENT_TARGET = 17.2;
				LOCALIZATION_PREFERS_STRING_CATALOGS = YES;
				MTL_ENABLE_DEBUG_INFO = NO;
				MTL_FAST_MATH = YES;
				SDKROOT = iphoneos;
				SWIFT_COMPILATION_MODE = wholemodule;
				VALIDATE_PRODUCT = YES;
			};
			name = Release;
		};
		A8A7E0812B67918A00D015E5 /* Debug */ = {
			isa = XCBuildConfiguration;
			baseConfigurationReference = A83367732B6A2AD700E0A844 /* Secret.xcconfig */;
			buildSettings = {
				ASSETCATALOG_COMPILER_APPICON_NAME = AppIcon;
				ASSETCATALOG_COMPILER_GLOBAL_ACCENT_COLOR_NAME = AccentColor;
				CODE_SIGN_STYLE = Automatic;
				CURRENT_PROJECT_VERSION = 1;
				DEVELOPMENT_TEAM = MMM58CZBQF;
				GENERATE_INFOPLIST_FILE = YES;
				INFOPLIST_FILE = PrographyAssignment/Resource/Info.plist;
				INFOPLIST_KEY_LSApplicationCategoryType = "";
				INFOPLIST_KEY_UIApplicationSupportsIndirectInputEvents = YES;
				INFOPLIST_KEY_UILaunchStoryboardName = LaunchScreen;
				INFOPLIST_KEY_UISupportedInterfaceOrientations_iPad = "UIInterfaceOrientationPortrait UIInterfaceOrientationPortraitUpsideDown UIInterfaceOrientationLandscapeLeft UIInterfaceOrientationLandscapeRight";
				INFOPLIST_KEY_UISupportedInterfaceOrientations_iPhone = "UIInterfaceOrientationPortrait UIInterfaceOrientationLandscapeLeft UIInterfaceOrientationLandscapeRight";
				LD_RUNPATH_SEARCH_PATHS = (
					"$(inherited)",
					"@executable_path/Frameworks",
				);
				MARKETING_VERSION = 1.0;
				PRODUCT_BUNDLE_IDENTIFIER = com.yeonghyeon.PrographyAssignment;
				PRODUCT_NAME = "$(TARGET_NAME)";
				SWIFT_EMIT_LOC_STRINGS = YES;
				SWIFT_VERSION = 5.0;
				TARGETED_DEVICE_FAMILY = "1,2";
			};
			name = Debug;
		};
		A8A7E0822B67918A00D015E5 /* Release */ = {
			isa = XCBuildConfiguration;
			baseConfigurationReference = A83367732B6A2AD700E0A844 /* Secret.xcconfig */;
			buildSettings = {
				ASSETCATALOG_COMPILER_APPICON_NAME = AppIcon;
				ASSETCATALOG_COMPILER_GLOBAL_ACCENT_COLOR_NAME = AccentColor;
				CODE_SIGN_STYLE = Automatic;
				CURRENT_PROJECT_VERSION = 1;
				DEVELOPMENT_TEAM = MMM58CZBQF;
				GENERATE_INFOPLIST_FILE = YES;
				INFOPLIST_FILE = PrographyAssignment/Resource/Info.plist;
				INFOPLIST_KEY_LSApplicationCategoryType = "";
				INFOPLIST_KEY_UIApplicationSupportsIndirectInputEvents = YES;
				INFOPLIST_KEY_UILaunchStoryboardName = LaunchScreen;
				INFOPLIST_KEY_UISupportedInterfaceOrientations_iPad = "UIInterfaceOrientationPortrait UIInterfaceOrientationPortraitUpsideDown UIInterfaceOrientationLandscapeLeft UIInterfaceOrientationLandscapeRight";
				INFOPLIST_KEY_UISupportedInterfaceOrientations_iPhone = "UIInterfaceOrientationPortrait UIInterfaceOrientationLandscapeLeft UIInterfaceOrientationLandscapeRight";
				LD_RUNPATH_SEARCH_PATHS = (
					"$(inherited)",
					"@executable_path/Frameworks",
				);
				MARKETING_VERSION = 1.0;
				PRODUCT_BUNDLE_IDENTIFIER = com.yeonghyeon.PrographyAssignment;
				PRODUCT_NAME = "$(TARGET_NAME)";
				SWIFT_EMIT_LOC_STRINGS = YES;
				SWIFT_VERSION = 5.0;
				TARGETED_DEVICE_FAMILY = "1,2";
			};
			name = Release;
		};
/* End XCBuildConfiguration section */

/* Begin XCConfigurationList section */
		A8A7E0672B67918800D015E5 /* Build configuration list for PBXProject "PrographyAssignment" */ = {
			isa = XCConfigurationList;
			buildConfigurations = (
				A8A7E07E2B67918A00D015E5 /* Debug */,
				A8A7E07F2B67918A00D015E5 /* Release */,
			);
			defaultConfigurationIsVisible = 0;
			defaultConfigurationName = Release;
		};
		A8A7E0802B67918A00D015E5 /* Build configuration list for PBXNativeTarget "PrographyAssignment" */ = {
			isa = XCConfigurationList;
			buildConfigurations = (
				A8A7E0812B67918A00D015E5 /* Debug */,
				A8A7E0822B67918A00D015E5 /* Release */,
			);
			defaultConfigurationIsVisible = 0;
			defaultConfigurationName = Release;
		};
/* End XCConfigurationList section */
	};
	rootObject = A8A7E0642B67918800D015E5 /* Project object */;
}
