// !$*UTF8*$!
{
	archiveVersion = 1;
	classes = {
	};
	objectVersion = 56;
	objects = {

/* Begin PBXBuildFile section */
		A833676F2B6A1B7700E0A844 /* UnsplashAPI.swift in Sources */ = {isa = PBXBuildFile; fileRef = A833676E2B6A1B7700E0A844 /* UnsplashAPI.swift */; };
		A83367712B6A219300E0A844 /* Photo.swift in Sources */ = {isa = PBXBuildFile; fileRef = A83367702B6A219300E0A844 /* Photo.swift */; };
		A83367752B6A2D2600E0A844 /* APIKeys.swift in Sources */ = {isa = PBXBuildFile; fileRef = A83367742B6A2D2600E0A844 /* APIKeys.swift */; };
		A833677E2B6A49B900E0A844 /* HomeViewModelImpl.swift in Sources */ = {isa = PBXBuildFile; fileRef = A833677D2B6A49B900E0A844 /* HomeViewModelImpl.swift */; };
		A83367822B6A85A400E0A844 /* PhotoCollectionViewCell.swift in Sources */ = {isa = PBXBuildFile; fileRef = A83367812B6A85A400E0A844 /* PhotoCollectionViewCell.swift */; };
		A83367842B6A85CB00E0A844 /* BookMarkCollectionViewCell.swift in Sources */ = {isa = PBXBuildFile; fileRef = A83367832B6A85CB00E0A844 /* BookMarkCollectionViewCell.swift */; };
		A83367992B6A89B900E0A844 /* Pretendard-Medium.ttf in Resources */ = {isa = PBXBuildFile; fileRef = A83367902B6A89B900E0A844 /* Pretendard-Medium.ttf */; };
		A833679A2B6A89B900E0A844 /* Pretendard-Black.ttf in Resources */ = {isa = PBXBuildFile; fileRef = A83367912B6A89B900E0A844 /* Pretendard-Black.ttf */; };
		A833679B2B6A89B900E0A844 /* Pretendard-Regular.ttf in Resources */ = {isa = PBXBuildFile; fileRef = A83367922B6A89B900E0A844 /* Pretendard-Regular.ttf */; };
		A833679C2B6A89B900E0A844 /* Pretendard-Thin.ttf in Resources */ = {isa = PBXBuildFile; fileRef = A83367932B6A89B900E0A844 /* Pretendard-Thin.ttf */; };
		A833679D2B6A89B900E0A844 /* Pretendard-ExtraLight.ttf in Resources */ = {isa = PBXBuildFile; fileRef = A83367942B6A89B900E0A844 /* Pretendard-ExtraLight.ttf */; };
		A833679E2B6A89B900E0A844 /* Pretendard-SemiBold.ttf in Resources */ = {isa = PBXBuildFile; fileRef = A83367952B6A89B900E0A844 /* Pretendard-SemiBold.ttf */; };
		A833679F2B6A89B900E0A844 /* Pretendard-ExtraBold.ttf in Resources */ = {isa = PBXBuildFile; fileRef = A83367962B6A89B900E0A844 /* Pretendard-ExtraBold.ttf */; };
		A83367A02B6A89B900E0A844 /* Pretendard-Bold.ttf in Resources */ = {isa = PBXBuildFile; fileRef = A83367972B6A89B900E0A844 /* Pretendard-Bold.ttf */; };
		A83367A12B6A89B900E0A844 /* Pretendard-Light.ttf in Resources */ = {isa = PBXBuildFile; fileRef = A83367982B6A89B900E0A844 /* Pretendard-Light.ttf */; };
		A83367A32B6A8A7500E0A844 /* UIFont+.swift in Sources */ = {isa = PBXBuildFile; fileRef = A83367A22B6A8A7500E0A844 /* UIFont+.swift */; };
		A83367AE2B6B6B7500E0A844 /* HomeViewModel.swift in Sources */ = {isa = PBXBuildFile; fileRef = A83367AD2B6B6B7500E0A844 /* HomeViewModel.swift */; };
		A83367B02B6B6F0100E0A844 /* PhotoCellContents.swift in Sources */ = {isa = PBXBuildFile; fileRef = A83367AF2B6B6F0100E0A844 /* PhotoCellContents.swift */; };
		A83367B42B6D4EC200E0A844 /* PhotoHeaderCell.swift in Sources */ = {isa = PBXBuildFile; fileRef = A83367B32B6D4EC200E0A844 /* PhotoHeaderCell.swift */; };
		A8A7E0702B67918900D015E5 /* AppDelegate.swift in Sources */ = {isa = PBXBuildFile; fileRef = A8A7E06F2B67918900D015E5 /* AppDelegate.swift */; };
		A8A7E0722B67918900D015E5 /* SceneDelegate.swift in Sources */ = {isa = PBXBuildFile; fileRef = A8A7E0712B67918900D015E5 /* SceneDelegate.swift */; };
		A8A7E0742B67918900D015E5 /* HomeViewController.swift in Sources */ = {isa = PBXBuildFile; fileRef = A8A7E0732B67918900D015E5 /* HomeViewController.swift */; };
		A8A7E0792B67918A00D015E5 /* Assets.xcassets in Resources */ = {isa = PBXBuildFile; fileRef = A8A7E0782B67918A00D015E5 /* Assets.xcassets */; };
		A8A7E07C2B67918A00D015E5 /* LaunchScreen.storyboard in Resources */ = {isa = PBXBuildFile; fileRef = A8A7E07A2B67918A00D015E5 /* LaunchScreen.storyboard */; };
		A8A7E0842B67A1F900D015E5 /* TabBarController.swift in Sources */ = {isa = PBXBuildFile; fileRef = A8A7E0832B67A1F900D015E5 /* TabBarController.swift */; };
		A8A7E0862B67A28C00D015E5 /* CardViewController.swift in Sources */ = {isa = PBXBuildFile; fileRef = A8A7E0852B67A28C00D015E5 /* CardViewController.swift */; };
		E3DA9D1D20709952A7E7443D /* Pods_PrographyAssignment.framework in Frameworks */ = {isa = PBXBuildFile; fileRef = D2A8D3FD63496D181FCB87AB /* Pods_PrographyAssignment.framework */; };
/* End PBXBuildFile section */

/* Begin PBXFileReference section */
		1C081A640E22984A63C1A112 /* Pods-PrographyAssignment.debug.xcconfig */ = {isa = PBXFileReference; includeInIndex = 1; lastKnownFileType = text.xcconfig; name = "Pods-PrographyAssignment.debug.xcconfig"; path = "Target Support Files/Pods-PrographyAssignment/Pods-PrographyAssignment.debug.xcconfig"; sourceTree = "<group>"; };
		A04FA542D0E9088E9444D3A0 /* Pods-PrographyAssignment.release.xcconfig */ = {isa = PBXFileReference; includeInIndex = 1; lastKnownFileType = text.xcconfig; name = "Pods-PrographyAssignment.release.xcconfig"; path = "Target Support Files/Pods-PrographyAssignment/Pods-PrographyAssignment.release.xcconfig"; sourceTree = "<group>"; };
		A833676E2B6A1B7700E0A844 /* UnsplashAPI.swift */ = {isa = PBXFileReference; lastKnownFileType = sourcecode.swift; path = UnsplashAPI.swift; sourceTree = "<group>"; };
		A83367702B6A219300E0A844 /* Photo.swift */ = {isa = PBXFileReference; lastKnownFileType = sourcecode.swift; path = Photo.swift; sourceTree = "<group>"; };
		A83367732B6A2AD700E0A844 /* Secret.xcconfig */ = {isa = PBXFileReference; lastKnownFileType = text.xcconfig; path = Secret.xcconfig; sourceTree = "<group>"; };
		A83367742B6A2D2600E0A844 /* APIKeys.swift */ = {isa = PBXFileReference; lastKnownFileType = sourcecode.swift; path = APIKeys.swift; sourceTree = "<group>"; };
		A833677D2B6A49B900E0A844 /* HomeViewModelImpl.swift */ = {isa = PBXFileReference; lastKnownFileType = sourcecode.swift; path = HomeViewModelImpl.swift; sourceTree = "<group>"; };
		A83367812B6A85A400E0A844 /* PhotoCollectionViewCell.swift */ = {isa = PBXFileReference; lastKnownFileType = sourcecode.swift; path = PhotoCollectionViewCell.swift; sourceTree = "<group>"; };
		A83367832B6A85CB00E0A844 /* BookMarkCollectionViewCell.swift */ = {isa = PBXFileReference; lastKnownFileType = sourcecode.swift; path = BookMarkCollectionViewCell.swift; sourceTree = "<group>"; };
		A83367902B6A89B900E0A844 /* Pretendard-Medium.ttf */ = {isa = PBXFileReference; lastKnownFileType = file; path = "Pretendard-Medium.ttf"; sourceTree = "<group>"; };
		A83367912B6A89B900E0A844 /* Pretendard-Black.ttf */ = {isa = PBXFileReference; lastKnownFileType = file; path = "Pretendard-Black.ttf"; sourceTree = "<group>"; };
		A83367922B6A89B900E0A844 /* Pretendard-Regular.ttf */ = {isa = PBXFileReference; lastKnownFileType = file; path = "Pretendard-Regular.ttf"; sourceTree = "<group>"; };
		A83367932B6A89B900E0A844 /* Pretendard-Thin.ttf */ = {isa = PBXFileReference; lastKnownFileType = file; path = "Pretendard-Thin.ttf"; sourceTree = "<group>"; };
		A83367942B6A89B900E0A844 /* Pretendard-ExtraLight.ttf */ = {isa = PBXFileReference; lastKnownFileType = file; path = "Pretendard-ExtraLight.ttf"; sourceTree = "<group>"; };
		A83367952B6A89B900E0A844 /* Pretendard-SemiBold.ttf */ = {isa = PBXFileReference; lastKnownFileType = file; path = "Pretendard-SemiBold.ttf"; sourceTree = "<group>"; };
		A83367962B6A89B900E0A844 /* Pretendard-ExtraBold.ttf */ = {isa = PBXFileReference; lastKnownFileType = file; path = "Pretendard-ExtraBold.ttf"; sourceTree = "<group>"; };
		A83367972B6A89B900E0A844 /* Pretendard-Bold.ttf */ = {isa = PBXFileReference; lastKnownFileType = file; path = "Pretendard-Bold.ttf"; sourceTree = "<group>"; };
		A83367982B6A89B900E0A844 /* Pretendard-Light.ttf */ = {isa = PBXFileReference; lastKnownFileType = file; path = "Pretendard-Light.ttf"; sourceTree = "<group>"; };
		A83367A22B6A8A7500E0A844 /* UIFont+.swift */ = {isa = PBXFileReference; lastKnownFileType = sourcecode.swift; path = "UIFont+.swift"; sourceTree = "<group>"; };
		A83367AD2B6B6B7500E0A844 /* HomeViewModel.swift */ = {isa = PBXFileReference; lastKnownFileType = sourcecode.swift; path = HomeViewModel.swift; sourceTree = "<group>"; };
		A83367AF2B6B6F0100E0A844 /* PhotoCellContents.swift */ = {isa = PBXFileReference; lastKnownFileType = sourcecode.swift; path = PhotoCellContents.swift; sourceTree = "<group>"; };
		A83367B32B6D4EC200E0A844 /* PhotoHeaderCell.swift */ = {isa = PBXFileReference; lastKnownFileType = sourcecode.swift; path = PhotoHeaderCell.swift; sourceTree = "<group>"; };
		A8A7E06C2B67918900D015E5 /* PrographyAssignment.app */ = {isa = PBXFileReference; explicitFileType = wrapper.application; includeInIndex = 0; path = PrographyAssignment.app; sourceTree = BUILT_PRODUCTS_DIR; };
		A8A7E06F2B67918900D015E5 /* AppDelegate.swift */ = {isa = PBXFileReference; lastKnownFileType = sourcecode.swift; path = AppDelegate.swift; sourceTree = "<group>"; };
		A8A7E0712B67918900D015E5 /* SceneDelegate.swift */ = {isa = PBXFileReference; lastKnownFileType = sourcecode.swift; path = SceneDelegate.swift; sourceTree = "<group>"; };
		A8A7E0732B67918900D015E5 /* HomeViewController.swift */ = {isa = PBXFileReference; lastKnownFileType = sourcecode.swift; path = HomeViewController.swift; sourceTree = "<group>"; };
		A8A7E0782B67918A00D015E5 /* Assets.xcassets */ = {isa = PBXFileReference; lastKnownFileType = folder.assetcatalog; path = Assets.xcassets; sourceTree = "<group>"; };
		A8A7E07B2B67918A00D015E5 /* Base */ = {isa = PBXFileReference; lastKnownFileType = file.storyboard; name = Base; path = Base.lproj/LaunchScreen.storyboard; sourceTree = "<group>"; };
		A8A7E07D2B67918A00D015E5 /* Info.plist */ = {isa = PBXFileReference; lastKnownFileType = text.plist.xml; path = Info.plist; sourceTree = "<group>"; };
		A8A7E0832B67A1F900D015E5 /* TabBarController.swift */ = {isa = PBXFileReference; lastKnownFileType = sourcecode.swift; path = TabBarController.swift; sourceTree = "<group>"; };
		A8A7E0852B67A28C00D015E5 /* CardViewController.swift */ = {isa = PBXFileReference; lastKnownFileType = sourcecode.swift; path = CardViewController.swift; sourceTree = "<group>"; };
		D2A8D3FD63496D181FCB87AB /* Pods_PrographyAssignment.framework */ = {isa = PBXFileReference; explicitFileType = wrapper.framework; includeInIndex = 0; path = Pods_PrographyAssignment.framework; sourceTree = BUILT_PRODUCTS_DIR; };
/* End PBXFileReference section */

/* Begin PBXFrameworksBuildPhase section */
		A8A7E0692B67918900D015E5 /* Frameworks */ = {
			isa = PBXFrameworksBuildPhase;
			buildActionMask = 2147483647;
			files = (
				E3DA9D1D20709952A7E7443D /* Pods_PrographyAssignment.framework in Frameworks */,
			);
			runOnlyForDeploymentPostprocessing = 0;
		};
/* End PBXFrameworksBuildPhase section */

/* Begin PBXGroup section */
		A833676D2B69FE5100E0A844 /* Network */ = {
			isa = PBXGroup;
			children = (
				A833676E2B6A1B7700E0A844 /* UnsplashAPI.swift */,
				A83367742B6A2D2600E0A844 /* APIKeys.swift */,
			);
			path = Network;
			sourceTree = "<group>";
		};
		A83367792B6A43A700E0A844 /* Model */ = {
			isa = PBXGroup;
			children = (
				A83367702B6A219300E0A844 /* Photo.swift */,
				A83367AF2B6B6F0100E0A844 /* PhotoCellContents.swift */,
			);
			path = Model;
			sourceTree = "<group>";
		};
		A833677A2B6A43D500E0A844 /* Application */ = {
			isa = PBXGroup;
			children = (
				A8A7E06F2B67918900D015E5 /* AppDelegate.swift */,
				A8A7E0712B67918900D015E5 /* SceneDelegate.swift */,
			);
			path = Application;
			sourceTree = "<group>";
		};
		A833677B2B6A43F000E0A844 /* Resource */ = {
			isa = PBXGroup;
			children = (
				A833678F2B6A89B900E0A844 /* Fonts */,
				A8A7E0782B67918A00D015E5 /* Assets.xcassets */,
				A8A7E07A2B67918A00D015E5 /* LaunchScreen.storyboard */,
				A8A7E07D2B67918A00D015E5 /* Info.plist */,
			);
			path = Resource;
			sourceTree = "<group>";
		};
		A833677C2B6A497700E0A844 /* ViewModel */ = {
			isa = PBXGroup;
			children = (
				A83367AA2B6AAF1800E0A844 /* Protocol */,
				A833677D2B6A49B900E0A844 /* HomeViewModelImpl.swift */,
			);
			path = ViewModel;
			sourceTree = "<group>";
		};
		A83367802B6A859300E0A844 /* Cell */ = {
			isa = PBXGroup;
			children = (
				A83367812B6A85A400E0A844 /* PhotoCollectionViewCell.swift */,
				A83367832B6A85CB00E0A844 /* BookMarkCollectionViewCell.swift */,
				A83367B32B6D4EC200E0A844 /* PhotoHeaderCell.swift */,
			);
			path = Cell;
			sourceTree = "<group>";
		};
		A833678F2B6A89B900E0A844 /* Fonts */ = {
			isa = PBXGroup;
			children = (
				A83367902B6A89B900E0A844 /* Pretendard-Medium.ttf */,
				A83367912B6A89B900E0A844 /* Pretendard-Black.ttf */,
				A83367922B6A89B900E0A844 /* Pretendard-Regular.ttf */,
				A83367932B6A89B900E0A844 /* Pretendard-Thin.ttf */,
				A83367942B6A89B900E0A844 /* Pretendard-ExtraLight.ttf */,
				A83367952B6A89B900E0A844 /* Pretendard-SemiBold.ttf */,
				A83367962B6A89B900E0A844 /* Pretendard-ExtraBold.ttf */,
				A83367972B6A89B900E0A844 /* Pretendard-Bold.ttf */,
				A83367982B6A89B900E0A844 /* Pretendard-Light.ttf */,
			);
			path = Fonts;
			sourceTree = "<group>";
		};
		A83367A42B6A8A7900E0A844 /* Extension */ = {
			isa = PBXGroup;
			children = (
				A83367A22B6A8A7500E0A844 /* UIFont+.swift */,
			);
			path = Extension;
			sourceTree = "<group>";
		};
		A83367AA2B6AAF1800E0A844 /* Protocol */ = {
			isa = PBXGroup;
			children = (
				A83367AD2B6B6B7500E0A844 /* HomeViewModel.swift */,
			);
			path = Protocol;
			sourceTree = "<group>";
		};
		A8A7E0632B67918800D015E5 = {
			isa = PBXGroup;
			children = (
				A83367732B6A2AD700E0A844 /* Secret.xcconfig */,
				A8A7E06E2B67918900D015E5 /* PrographyAssignment */,
				A8A7E06D2B67918900D015E5 /* Products */,
				F4BF6FEC7224C322276EA197 /* Pods */,
				B6B1A01F6E3CDC73C24E828D /* Frameworks */,
			);
			sourceTree = "<group>";
		};
		A8A7E06D2B67918900D015E5 /* Products */ = {
			isa = PBXGroup;
			children = (
				A8A7E06C2B67918900D015E5 /* PrographyAssignment.app */,
			);
			name = Products;
			sourceTree = "<group>";
		};
		A8A7E06E2B67918900D015E5 /* PrographyAssignment */ = {
			isa = PBXGroup;
			children = (
				A83367792B6A43A700E0A844 /* Model */,
				A833676D2B69FE5100E0A844 /* Network */,
				A8A7E0872B67A6EB00D015E5 /* View */,
				A833677B2B6A43F000E0A844 /* Resource */,
				A833677A2B6A43D500E0A844 /* Application */,
			);
			path = PrographyAssignment;
			sourceTree = "<group>";
		};
		A8A7E0872B67A6EB00D015E5 /* View */ = {
			isa = PBXGroup;
			children = (
				A83367A42B6A8A7900E0A844 /* Extension */,
				A83367802B6A859300E0A844 /* Cell */,
				A833677C2B6A497700E0A844 /* ViewModel */,
				A8A7E0832B67A1F900D015E5 /* TabBarController.swift */,
				A8A7E0732B67918900D015E5 /* HomeViewController.swift */,
				A8A7E0852B67A28C00D015E5 /* CardViewController.swift */,
			);
			path = View;
			sourceTree = "<group>";
		};
		B6B1A01F6E3CDC73C24E828D /* Frameworks */ = {
			isa = PBXGroup;
			children = (
				D2A8D3FD63496D181FCB87AB /* Pods_PrographyAssignment.framework */,
			);
			name = Frameworks;
			sourceTree = "<group>";
		};
		F4BF6FEC7224C322276EA197 /* Pods */ = {
			isa = PBXGroup;
			children = (
				1C081A640E22984A63C1A112 /* Pods-PrographyAssignment.debug.xcconfig */,
				A04FA542D0E9088E9444D3A0 /* Pods-PrographyAssignment.release.xcconfig */,
			);
			path = Pods;
			sourceTree = "<group>";
		};
/* End PBXGroup section */

/* Begin PBXNativeTarget section */
		A8A7E06B2B67918900D015E5 /* PrographyAssignment */ = {
			isa = PBXNativeTarget;
			buildConfigurationList = A8A7E0802B67918A00D015E5 /* Build configuration list for PBXNativeTarget "PrographyAssignment" */;
			buildPhases = (
				0B58474F7CC8B2218877EAD6 /* [CP] Check Pods Manifest.lock */,
				A8A7E0682B67918900D015E5 /* Sources */,
				A8A7E0692B67918900D015E5 /* Frameworks */,
				A8A7E06A2B67918900D015E5 /* Resources */,
				5675E4DF3687F0F60FD5866D /* [CP] Embed Pods Frameworks */,
			);
			buildRules = (
			);
			dependencies = (
			);
			name = PrographyAssignment;
			productName = PrographyAssignment;
			productReference = A8A7E06C2B67918900D015E5 /* PrographyAssignment.app */;
			productType = "com.apple.product-type.application";
		};
/* End PBXNativeTarget section */

/* Begin PBXProject section */
		A8A7E0642B67918800D015E5 /* Project object */ = {
			isa = PBXProject;
			attributes = {
				BuildIndependentTargetsInParallel = 1;
				LastSwiftUpdateCheck = 1520;
				LastUpgradeCheck = 1520;
				TargetAttributes = {
					A8A7E06B2B67918900D015E5 = {
						CreatedOnToolsVersion = 15.2;
					};
				};
			};
			buildConfigurationList = A8A7E0672B67918800D015E5 /* Build configuration list for PBXProject "PrographyAssignment" */;
			compatibilityVersion = "Xcode 14.0";
			developmentRegion = en;
			hasScannedForEncodings = 0;
			knownRegions = (
				en,
				Base,
			);
			mainGroup = A8A7E0632B67918800D015E5;
			productRefGroup = A8A7E06D2B67918900D015E5 /* Products */;
			projectDirPath = "";
			projectRoot = "";
			targets = (
				A8A7E06B2B67918900D015E5 /* PrographyAssignment */,
			);
		};
/* End PBXProject section */

/* Begin PBXResourcesBuildPhase section */
		A8A7E06A2B67918900D015E5 /* Resources */ = {
			isa = PBXResourcesBuildPhase;
			buildActionMask = 2147483647;
			files = (
				A83367A12B6A89B900E0A844 /* Pretendard-Light.ttf in Resources */,
				A833679F2B6A89B900E0A844 /* Pretendard-ExtraBold.ttf in Resources */,
				A833679E2B6A89B900E0A844 /* Pretendard-SemiBold.ttf in Resources */,
				A833679C2B6A89B900E0A844 /* Pretendard-Thin.ttf in Resources */,
				A8A7E07C2B67918A00D015E5 /* LaunchScreen.storyboard in Resources */,
				A8A7E0792B67918A00D015E5 /* Assets.xcassets in Resources */,
				A833679B2B6A89B900E0A844 /* Pretendard-Regular.ttf in Resources */,
				A83367A02B6A89B900E0A844 /* Pretendard-Bold.ttf in Resources */,
				A833679D2B6A89B900E0A844 /* Pretendard-ExtraLight.ttf in Resources */,
				A83367992B6A89B900E0A844 /* Pretendard-Medium.ttf in Resources */,
				A833679A2B6A89B900E0A844 /* Pretendard-Black.ttf in Resources */,
			);
			runOnlyForDeploymentPostprocessing = 0;
		};
/* End PBXResourcesBuildPhase section */

/* Begin PBXShellScriptBuildPhase section */
		0B58474F7CC8B2218877EAD6 /* [CP] Check Pods Manifest.lock */ = {
			isa = PBXShellScriptBuildPhase;
			buildActionMask = 2147483647;
			files = (
			);
			inputFileListPaths = (
			);
			inputPaths = (
				"${PODS_PODFILE_DIR_PATH}/Podfile.lock",
				"${PODS_ROOT}/Manifest.lock",
			);
			name = "[CP] Check Pods Manifest.lock";
			outputFileListPaths = (
			);
			outputPaths = (
				"$(DERIVED_FILE_DIR)/Pods-PrographyAssignment-checkManifestLockResult.txt",
			);
			runOnlyForDeploymentPostprocessing = 0;
			shellPath = /bin/sh;
			shellScript = "diff \"${PODS_PODFILE_DIR_PATH}/Podfile.lock\" \"${PODS_ROOT}/Manifest.lock\" > /dev/null\nif [ $? != 0 ] ; then\n    # print error to STDERR\n    echo \"error: The sandbox is not in sync with the Podfile.lock. Run 'pod install' or update your CocoaPods installation.\" >&2\n    exit 1\nfi\n# This output is used by Xcode 'outputs' to avoid re-running this script phase.\necho \"SUCCESS\" > \"${SCRIPT_OUTPUT_FILE_0}\"\n";
			showEnvVarsInLog = 0;
		};
		5675E4DF3687F0F60FD5866D /* [CP] Embed Pods Frameworks */ = {
			isa = PBXShellScriptBuildPhase;
			buildActionMask = 2147483647;
			files = (
			);
			inputFileListPaths = (
				"${PODS_ROOT}/Target Support Files/Pods-PrographyAssignment/Pods-PrographyAssignment-frameworks-${CONFIGURATION}-input-files.xcfilelist",
			);
			name = "[CP] Embed Pods Frameworks";
			outputFileListPaths = (
				"${PODS_ROOT}/Target Support Files/Pods-PrographyAssignment/Pods-PrographyAssignment-frameworks-${CONFIGURATION}-output-files.xcfilelist",
			);
			runOnlyForDeploymentPostprocessing = 0;
			shellPath = /bin/sh;
			shellScript = "\"${PODS_ROOT}/Target Support Files/Pods-PrographyAssignment/Pods-PrographyAssignment-frameworks.sh\"\n";
			showEnvVarsInLog = 0;
		};
/* End PBXShellScriptBuildPhase section */

/* Begin PBXSourcesBuildPhase section */
		A8A7E0682B67918900D015E5 /* Sources */ = {
			isa = PBXSourcesBuildPhase;
			buildActionMask = 2147483647;
			files = (
				A8A7E0742B67918900D015E5 /* HomeViewController.swift in Sources */,
				A83367822B6A85A400E0A844 /* PhotoCollectionViewCell.swift in Sources */,
				A833677E2B6A49B900E0A844 /* HomeViewModelImpl.swift in Sources */,
				A8A7E0842B67A1F900D015E5 /* TabBarController.swift in Sources */,
				A83367A32B6A8A7500E0A844 /* UIFont+.swift in Sources */,
				A8A7E0702B67918900D015E5 /* AppDelegate.swift in Sources */,
				A83367B42B6D4EC200E0A844 /* PhotoHeaderCell.swift in Sources */,
				A8A7E0862B67A28C00D015E5 /* CardViewController.swift in Sources */,
				A83367842B6A85CB00E0A844 /* BookMarkCollectionViewCell.swift in Sources */,
				A83367AE2B6B6B7500E0A844 /* HomeViewModel.swift in Sources */,
				A833676F2B6A1B7700E0A844 /* UnsplashAPI.swift in Sources */,
				A83367B02B6B6F0100E0A844 /* PhotoCellContents.swift in Sources */,
				A83367712B6A219300E0A844 /* Photo.swift in Sources */,
				A83367752B6A2D2600E0A844 /* APIKeys.swift in Sources */,
				A8A7E0722B67918900D015E5 /* SceneDelegate.swift in Sources */,
			);
			runOnlyForDeploymentPostprocessing = 0;
		};
/* End PBXSourcesBuildPhase section */

/* Begin PBXVariantGroup section */
		A8A7E07A2B67918A00D015E5 /* LaunchScreen.storyboard */ = {
			isa = PBXVariantGroup;
			children = (
				A8A7E07B2B67918A00D015E5 /* Base */,
			);
			name = LaunchScreen.storyboard;
			sourceTree = "<group>";
		};
/* End PBXVariantGroup section */

/* Begin XCBuildConfiguration section */
		A8A7E07E2B67918A00D015E5 /* Debug */ = {
			isa = XCBuildConfiguration;
			baseConfigurationReference = A83367732B6A2AD700E0A844 /* Secret.xcconfig */;
			buildSettings = {
				ALWAYS_SEARCH_USER_PATHS = NO;
				ASSETCATALOG_COMPILER_GENERATE_SWIFT_ASSET_SYMBOL_EXTENSIONS = YES;
				CLANG_ANALYZER_NONNULL = YES;
				CLANG_ANALYZER_NUMBER_OBJECT_CONVERSION = YES_AGGRESSIVE;
				CLANG_CXX_LANGUAGE_STANDARD = "gnu++20";
				CLANG_ENABLE_MODULES = YES;
				CLANG_ENABLE_OBJC_ARC = YES;
				CLANG_ENABLE_OBJC_WEAK = YES;
				CLANG_WARN_BLOCK_CAPTURE_AUTORELEASING = YES;
				CLANG_WARN_BOOL_CONVERSION = YES;
				CLANG_WARN_COMMA = YES;
				CLANG_WARN_CONSTANT_CONVERSION = YES;
				CLANG_WARN_DEPRECATED_OBJC_IMPLEMENTATIONS = YES;
				CLANG_WARN_DIRECT_OBJC_ISA_USAGE = YES_ERROR;
				CLANG_WARN_DOCUMENTATION_COMMENTS = YES;
				CLANG_WARN_EMPTY_BODY = YES;
				CLANG_WARN_ENUM_CONVERSION = YES;
				CLANG_WARN_INFINITE_RECURSION = YES;
				CLANG_WARN_INT_CONVERSION = YES;
				CLANG_WARN_NON_LITERAL_NULL_CONVERSION = YES;
				CLANG_WARN_OBJC_IMPLICIT_RETAIN_SELF = YES;
				CLANG_WARN_OBJC_LITERAL_CONVERSION = YES;
				CLANG_WARN_OBJC_ROOT_CLASS = YES_ERROR;
				CLANG_WARN_QUOTED_INCLUDE_IN_FRAMEWORK_HEADER = YES;
				CLANG_WARN_RANGE_LOOP_ANALYSIS = YES;
				CLANG_WARN_STRICT_PROTOTYPES = YES;
				CLANG_WARN_SUSPICIOUS_MOVE = YES;
				CLANG_WARN_UNGUARDED_AVAILABILITY = YES_AGGRESSIVE;
				CLANG_WARN_UNREACHABLE_CODE = YES;
				CLANG_WARN__DUPLICATE_METHOD_MATCH = YES;
				COPY_PHASE_STRIP = NO;
				DEBUG_INFORMATION_FORMAT = dwarf;
				ENABLE_STRICT_OBJC_MSGSEND = YES;
				ENABLE_TESTABILITY = YES;
				ENABLE_USER_SCRIPT_SANDBOXING = YES;
				GCC_C_LANGUAGE_STANDARD = gnu17;
				GCC_DYNAMIC_NO_PIC = NO;
				GCC_NO_COMMON_BLOCKS = YES;
				GCC_OPTIMIZATION_LEVEL = 0;
				GCC_PREPROCESSOR_DEFINITIONS = (
					"DEBUG=1",
					"$(inherited)",
				);
				GCC_WARN_64_TO_32_BIT_CONVERSION = YES;
				GCC_WARN_ABOUT_RETURN_TYPE = YES_ERROR;
				GCC_WARN_UNDECLARED_SELECTOR = YES;
				GCC_WARN_UNINITIALIZED_AUTOS = YES_AGGRESSIVE;
				GCC_WARN_UNUSED_FUNCTION = YES;
				GCC_WARN_UNUSED_VARIABLE = YES;
				IPHONEOS_DEPLOYMENT_TARGET = 17.2;
				LOCALIZATION_PREFERS_STRING_CATALOGS = YES;
				MTL_ENABLE_DEBUG_INFO = INCLUDE_SOURCE;
				MTL_FAST_MATH = YES;
				ONLY_ACTIVE_ARCH = YES;
				SDKROOT = iphoneos;
				SWIFT_ACTIVE_COMPILATION_CONDITIONS = "DEBUG $(inherited)";
				SWIFT_OPTIMIZATION_LEVEL = "-Onone";
			};
			name = Debug;
		};
		A8A7E07F2B67918A00D015E5 /* Release */ = {
			isa = XCBuildConfiguration;
			baseConfigurationReference = A83367732B6A2AD700E0A844 /* Secret.xcconfig */;
			buildSettings = {
				ALWAYS_SEARCH_USER_PATHS = NO;
				ASSETCATALOG_COMPILER_GENERATE_SWIFT_ASSET_SYMBOL_EXTENSIONS = YES;
				CLANG_ANALYZER_NONNULL = YES;
				CLANG_ANALYZER_NUMBER_OBJECT_CONVERSION = YES_AGGRESSIVE;
				CLANG_CXX_LANGUAGE_STANDARD = "gnu++20";
				CLANG_ENABLE_MODULES = YES;
				CLANG_ENABLE_OBJC_ARC = YES;
				CLANG_ENABLE_OBJC_WEAK = YES;
				CLANG_WARN_BLOCK_CAPTURE_AUTORELEASING = YES;
				CLANG_WARN_BOOL_CONVERSION = YES;
				CLANG_WARN_COMMA = YES;
				CLANG_WARN_CONSTANT_CONVERSION = YES;
				CLANG_WARN_DEPRECATED_OBJC_IMPLEMENTATIONS = YES;
				CLANG_WARN_DIRECT_OBJC_ISA_USAGE = YES_ERROR;
				CLANG_WARN_DOCUMENTATION_COMMENTS = YES;
				CLANG_WARN_EMPTY_BODY = YES;
				CLANG_WARN_ENUM_CONVERSION = YES;
				CLANG_WARN_INFINITE_RECURSION = YES;
				CLANG_WARN_INT_CONVERSION = YES;
				CLANG_WARN_NON_LITERAL_NULL_CONVERSION = YES;
				CLANG_WARN_OBJC_IMPLICIT_RETAIN_SELF = YES;
				CLANG_WARN_OBJC_LITERAL_CONVERSION = YES;
				CLANG_WARN_OBJC_ROOT_CLASS = YES_ERROR;
				CLANG_WARN_QUOTED_INCLUDE_IN_FRAMEWORK_HEADER = YES;
				CLANG_WARN_RANGE_LOOP_ANALYSIS = YES;
				CLANG_WARN_STRICT_PROTOTYPES = YES;
				CLANG_WARN_SUSPICIOUS_MOVE = YES;
				CLANG_WARN_UNGUARDED_AVAILABILITY = YES_AGGRESSIVE;
				CLANG_WARN_UNREACHABLE_CODE = YES;
				CLANG_WARN__DUPLICATE_METHOD_MATCH = YES;
				COPY_PHASE_STRIP = NO;
				DEBUG_INFORMATION_FORMAT = "dwarf-with-dsym";
				ENABLE_NS_ASSERTIONS = NO;
				ENABLE_STRICT_OBJC_MSGSEND = YES;
				ENABLE_USER_SCRIPT_SANDBOXING = YES;
				GCC_C_LANGUAGE_STANDARD = gnu17;
				GCC_NO_COMMON_BLOCKS = YES;
				GCC_WARN_64_TO_32_BIT_CONVERSION = YES;
				GCC_WARN_ABOUT_RETURN_TYPE = YES_ERROR;
				GCC_WARN_UNDECLARED_SELECTOR = YES;
				GCC_WARN_UNINITIALIZED_AUTOS = YES_AGGRESSIVE;
				GCC_WARN_UNUSED_FUNCTION = YES;
				GCC_WARN_UNUSED_VARIABLE = YES;
				IPHONEOS_DEPLOYMENT_TARGET = 17.2;
				LOCALIZATION_PREFERS_STRING_CATALOGS = YES;
				MTL_ENABLE_DEBUG_INFO = NO;
				MTL_FAST_MATH = YES;
				SDKROOT = iphoneos;
				SWIFT_COMPILATION_MODE = wholemodule;
				VALIDATE_PRODUCT = YES;
			};
			name = Release;
		};
		A8A7E0812B67918A00D015E5 /* Debug */ = {
			isa = XCBuildConfiguration;
			baseConfigurationReference = 1C081A640E22984A63C1A112 /* Pods-PrographyAssignment.debug.xcconfig */;
			buildSettings = {
				ASSETCATALOG_COMPILER_APPICON_NAME = AppIcon;
				ASSETCATALOG_COMPILER_GLOBAL_ACCENT_COLOR_NAME = AccentColor;
				CODE_SIGN_STYLE = Automatic;
				CURRENT_PROJECT_VERSION = 1;
				DEVELOPMENT_TEAM = MMM58CZBQF;
				ENABLE_USER_SCRIPT_SANDBOXING = NO;
				GENERATE_INFOPLIST_FILE = YES;
				INFOPLIST_FILE = PrographyAssignment/Resource/Info.plist;
				INFOPLIST_KEY_LSApplicationCategoryType = "";
				INFOPLIST_KEY_UIApplicationSupportsIndirectInputEvents = YES;
				INFOPLIST_KEY_UILaunchStoryboardName = LaunchScreen;
				INFOPLIST_KEY_UISupportedInterfaceOrientations_iPad = "UIInterfaceOrientationPortrait UIInterfaceOrientationPortraitUpsideDown UIInterfaceOrientationLandscapeLeft UIInterfaceOrientationLandscapeRight";
				INFOPLIST_KEY_UISupportedInterfaceOrientations_iPhone = "UIInterfaceOrientationPortrait UIInterfaceOrientationLandscapeLeft UIInterfaceOrientationLandscapeRight";
				LD_RUNPATH_SEARCH_PATHS = (
					"$(inherited)",
					"@executable_path/Frameworks",
				);
				MARKETING_VERSION = 1.0;
				PRODUCT_BUNDLE_IDENTIFIER = com.yeonghyeon.PrographyAssignment;
				PRODUCT_NAME = "$(TARGET_NAME)";
				SWIFT_EMIT_LOC_STRINGS = YES;
				SWIFT_VERSION = 5.0;
				TARGETED_DEVICE_FAMILY = "1,2";
			};
			name = Debug;
		};
		A8A7E0822B67918A00D015E5 /* Release */ = {
			isa = XCBuildConfiguration;
			baseConfigurationReference = A04FA542D0E9088E9444D3A0 /* Pods-PrographyAssignment.release.xcconfig */;
			buildSettings = {
				ASSETCATALOG_COMPILER_APPICON_NAME = AppIcon;
				ASSETCATALOG_COMPILER_GLOBAL_ACCENT_COLOR_NAME = AccentColor;
				CODE_SIGN_STYLE = Automatic;
				CURRENT_PROJECT_VERSION = 1;
				DEVELOPMENT_TEAM = MMM58CZBQF;
				ENABLE_USER_SCRIPT_SANDBOXING = NO;
				GENERATE_INFOPLIST_FILE = YES;
				INFOPLIST_FILE = PrographyAssignment/Resource/Info.plist;
				INFOPLIST_KEY_LSApplicationCategoryType = "";
				INFOPLIST_KEY_UIApplicationSupportsIndirectInputEvents = YES;
				INFOPLIST_KEY_UILaunchStoryboardName = LaunchScreen;
				INFOPLIST_KEY_UISupportedInterfaceOrientations_iPad = "UIInterfaceOrientationPortrait UIInterfaceOrientationPortraitUpsideDown UIInterfaceOrientationLandscapeLeft UIInterfaceOrientationLandscapeRight";
				INFOPLIST_KEY_UISupportedInterfaceOrientations_iPhone = "UIInterfaceOrientationPortrait UIInterfaceOrientationLandscapeLeft UIInterfaceOrientationLandscapeRight";
				LD_RUNPATH_SEARCH_PATHS = (
					"$(inherited)",
					"@executable_path/Frameworks",
				);
				MARKETING_VERSION = 1.0;
				PRODUCT_BUNDLE_IDENTIFIER = com.yeonghyeon.PrographyAssignment;
				PRODUCT_NAME = "$(TARGET_NAME)";
				SWIFT_EMIT_LOC_STRINGS = YES;
				SWIFT_VERSION = 5.0;
				TARGETED_DEVICE_FAMILY = "1,2";
			};
			name = Release;
		};
/* End XCBuildConfiguration section */

/* Begin XCConfigurationList section */
		A8A7E0672B67918800D015E5 /* Build configuration list for PBXProject "PrographyAssignment" */ = {
			isa = XCConfigurationList;
			buildConfigurations = (
				A8A7E07E2B67918A00D015E5 /* Debug */,
				A8A7E07F2B67918A00D015E5 /* Release */,
			);
			defaultConfigurationIsVisible = 0;
			defaultConfigurationName = Release;
		};
		A8A7E0802B67918A00D015E5 /* Build configuration list for PBXNativeTarget "PrographyAssignment" */ = {
			isa = XCConfigurationList;
			buildConfigurations = (
				A8A7E0812B67918A00D015E5 /* Debug */,
				A8A7E0822B67918A00D015E5 /* Release */,
			);
			defaultConfigurationIsVisible = 0;
			defaultConfigurationName = Release;
		};
/* End XCConfigurationList section */
	};
	rootObject = A8A7E0642B67918800D015E5 /* Project object */;
}
